
Microsoft Visual Studio Solution File, Format Version 12.00
# Visual Studio 15
VisualStudioVersion = 15.0.27004.2008
MinimumVisualStudioVersion = 10.0.40219.1
Project("{FAE04EC0-301F-11D3-BF4B-00C04F79EFBC}") = "ProjectForGit", "ProjectForGit\ProjectForGit.csproj", "{432FEFE5-C167-4482-9D45-310DD17C4267}"
EndProject
Project("{FAE04EC0-301F-11D3-BF4B-00C04F79EFBC}") = "ConsoleProject", "ConsoleProject\ConsoleProject.csproj", "{7AC867DA-8E3F-4620-B1D7-EE410CDCDA77}"
EndProject
Global
	GlobalSection(SolutionConfigurationPlatforms) = preSolution
		Debug|Any CPU = Debug|Any CPU
		Release|Any CPU = Release|Any CPU
	EndGlobalSection
	GlobalSection(ProjectConfigurationPlatforms) = postSolution
		{432FEFE5-C167-4482-9D45-310DD17C4267}.Debug|Any CPU.ActiveCfg = Debug|Any CPU
		{432FEFE5-C167-4482-9D45-310DD17C4267}.Debug|Any CPU.Build.0 = Debug|Any CPU
		{432FEFE5-C167-4482-9D45-310DD17C4267}.Release|Any CPU.ActiveCfg = Release|Any CPU
		{432FEFE5-C167-4482-9D45-310DD17C4267}.Release|Any CPU.Build.0 = Release|Any CPU
		{7AC867DA-8E3F-4620-B1D7-EE410CDCDA77}.Debug|Any CPU.ActiveCfg = Debug|Any CPU
		{7AC867DA-8E3F-4620-B1D7-EE410CDCDA77}.Debug|Any CPU.Build.0 = Debug|Any CPU
		{7AC867DA-8E3F-4620-B1D7-EE410CDCDA77}.Release|Any CPU.ActiveCfg = Release|Any CPU
		{7AC867DA-8E3F-4620-B1D7-EE410CDCDA77}.Release|Any CPU.Build.0 = Release|Any CPU
	EndGlobalSection
	GlobalSection(SolutionProperties) = preSolution
		HideSolutionNode = FALSE
	EndGlobalSection
	GlobalSection(ExtensibilityGlobals) = postSolution
		SolutionGuid = {E5046C25-25F6-486B-B4C1-BFC3D5275BC0}
	EndGlobalSection
EndGlobal
